
Microsoft Visual Studio Solution File, Format Version 12.00
# Visual Studio Version 16
VisualStudioVersion = 16.0.29728.190
MinimumVisualStudioVersion = 10.0.40219.1
Project("{FAE04EC0-301F-11D3-BF4B-00C04F79EFBC}") = "DjikstraAlgorithm", "DjikstraAlgorithm\DjikstraAlgorithm.csproj", "{28B29779-9BB1-41AD-8270-1846B8AE2163}"
EndProject
Global
	GlobalSection(SolutionConfigurationPlatforms) = preSolution
		Debug|Any CPU = Debug|Any CPU
		Release|Any CPU = Release|Any CPU
	EndGlobalSection
	GlobalSection(ProjectConfigurationPlatforms) = postSolution
		{28B29779-9BB1-41AD-8270-1846B8AE2163}.Debug|Any CPU.ActiveCfg = Debug|Any CPU
		{28B29779-9BB1-41AD-8270-1846B8AE2163}.Debug|Any CPU.Build.0 = Debug|Any CPU
		{28B29779-9BB1-41AD-8270-1846B8AE2163}.Release|Any CPU.ActiveCfg = Release|Any CPU
		{28B29779-9BB1-41AD-8270-1846B8AE2163}.Release|Any CPU.Build.0 = Release|Any CPU
	EndGlobalSection
	GlobalSection(SolutionProperties) = preSolution
		HideSolutionNode = FALSE
	EndGlobalSection
	GlobalSection(ExtensibilityGlobals) = postSolution
		SolutionGuid = {E160B81E-04B5-474E-80EF-C1A131EC5DF3}
	EndGlobalSection
EndGlobal
